
Microsoft Visual Studio Solution File, Format Version 12.00
# Visual Studio Version 17
VisualStudioVersion = 17.10.35122.118
MinimumVisualStudioVersion = 10.0.40219.1
Project("{FAE04EC0-301F-11D3-BF4B-00C04F79EFBC}") = "gamepricer", "gamepricer\gamepricer.csproj", "{D16C8F7C-C644-4066-94EB-B1402FD429DA}"
EndProject
Global
	GlobalSection(SolutionConfigurationPlatforms) = preSolution
		Debug|Any CPU = Debug|Any CPU
		Release|Any CPU = Release|Any CPU
	EndGlobalSection
	GlobalSection(ProjectConfigurationPlatforms) = postSolution
		{D16C8F7C-C644-4066-94EB-B1402FD429DA}.Debug|Any CPU.ActiveCfg = Debug|Any CPU
		{D16C8F7C-C644-4066-94EB-B1402FD429DA}.Debug|Any CPU.Build.0 = Debug|Any CPU
		{D16C8F7C-C644-4066-94EB-B1402FD429DA}.Release|Any CPU.ActiveCfg = Release|Any CPU
		{D16C8F7C-C644-4066-94EB-B1402FD429DA}.Release|Any CPU.Build.0 = Release|Any CPU
	EndGlobalSection
	GlobalSection(SolutionProperties) = preSolution
		HideSolutionNode = FALSE
	EndGlobalSection
	GlobalSection(ExtensibilityGlobals) = postSolution
		SolutionGuid = {6889F685-2A8A-43A2-B71E-239C5E788DD0}
	EndGlobalSection
EndGlobal
